
Microsoft Visual Studio Solution File, Format Version 12.00
# Visual Studio 15
VisualStudioVersion = 15.0.28010.2041
MinimumVisualStudioVersion = 10.0.40219.1
Project("{FAE04EC0-301F-11D3-BF4B-00C04F79EFBC}") = "Blogezy", "Blogezy\Blogezy.csproj", "{D1ED6597-3C3E-49E9-B29A-E1E91FD80FD4}"
EndProject
Global
	GlobalSection(SolutionConfigurationPlatforms) = preSolution
		Debug|Any CPU = Debug|Any CPU
		Release|Any CPU = Release|Any CPU
	EndGlobalSection
	GlobalSection(ProjectConfigurationPlatforms) = postSolution
		{D1ED6597-3C3E-49E9-B29A-E1E91FD80FD4}.Debug|Any CPU.ActiveCfg = Debug|Any CPU
		{D1ED6597-3C3E-49E9-B29A-E1E91FD80FD4}.Debug|Any CPU.Build.0 = Debug|Any CPU
		{D1ED6597-3C3E-49E9-B29A-E1E91FD80FD4}.Release|Any CPU.ActiveCfg = Release|Any CPU
		{D1ED6597-3C3E-49E9-B29A-E1E91FD80FD4}.Release|Any CPU.Build.0 = Release|Any CPU
	EndGlobalSection
	GlobalSection(SolutionProperties) = preSolution
		HideSolutionNode = FALSE
	EndGlobalSection
	GlobalSection(ExtensibilityGlobals) = postSolution
		SolutionGuid = {8B0AB986-DA3F-4ED5-9E70-C712AA1EFA84}
	EndGlobalSection
EndGlobal
